
Microsoft Visual Studio Solution File, Format Version 12.00
# Visual Studio Version 17
VisualStudioVersion = 17.3.32922.545
MinimumVisualStudioVersion = 10.0.40219.1
Project("{FAE04EC0-301F-11D3-BF4B-00C04F79EFBC}") = "MailerApplication", "MailerApplication\MailerApplication.csproj", "{CA338847-2476-4238-9766-02BB919C56B1}"
EndProject
Project("{FAE04EC0-301F-11D3-BF4B-00C04F79EFBC}") = "Data", "Data\Data.csproj", "{18B5DF44-556A-4B4B-AE71-FFF0275CE0A4}"
EndProject
Project("{FAE04EC0-301F-11D3-BF4B-00C04F79EFBC}") = "DataAccess", "DataAccess\DataAccess.csproj", "{2E8E8239-59C5-48A2-A9F4-DB29EC3245DC}"
EndProject
Project("{FAE04EC0-301F-11D3-BF4B-00C04F79EFBC}") = "Business", "Business\Business.csproj", "{8FEF9770-7CD7-4F49-A074-3858F550A70F}"
EndProject
Global
	GlobalSection(SolutionConfigurationPlatforms) = preSolution
		Debug|Any CPU = Debug|Any CPU
		Release|Any CPU = Release|Any CPU
	EndGlobalSection
	GlobalSection(ProjectConfigurationPlatforms) = postSolution
		{CA338847-2476-4238-9766-02BB919C56B1}.Debug|Any CPU.ActiveCfg = Debug|Any CPU
		{CA338847-2476-4238-9766-02BB919C56B1}.Debug|Any CPU.Build.0 = Debug|Any CPU
		{CA338847-2476-4238-9766-02BB919C56B1}.Release|Any CPU.ActiveCfg = Release|Any CPU
		{CA338847-2476-4238-9766-02BB919C56B1}.Release|Any CPU.Build.0 = Release|Any CPU
		{18B5DF44-556A-4B4B-AE71-FFF0275CE0A4}.Debug|Any CPU.ActiveCfg = Debug|Any CPU
		{18B5DF44-556A-4B4B-AE71-FFF0275CE0A4}.Debug|Any CPU.Build.0 = Debug|Any CPU
		{18B5DF44-556A-4B4B-AE71-FFF0275CE0A4}.Release|Any CPU.ActiveCfg = Release|Any CPU
		{18B5DF44-556A-4B4B-AE71-FFF0275CE0A4}.Release|Any CPU.Build.0 = Release|Any CPU
		{2E8E8239-59C5-48A2-A9F4-DB29EC3245DC}.Debug|Any CPU.ActiveCfg = Debug|Any CPU
		{2E8E8239-59C5-48A2-A9F4-DB29EC3245DC}.Debug|Any CPU.Build.0 = Debug|Any CPU
		{2E8E8239-59C5-48A2-A9F4-DB29EC3245DC}.Release|Any CPU.ActiveCfg = Release|Any CPU
		{2E8E8239-59C5-48A2-A9F4-DB29EC3245DC}.Release|Any CPU.Build.0 = Release|Any CPU
		{8FEF9770-7CD7-4F49-A074-3858F550A70F}.Debug|Any CPU.ActiveCfg = Debug|Any CPU
		{8FEF9770-7CD7-4F49-A074-3858F550A70F}.Debug|Any CPU.Build.0 = Debug|Any CPU
		{8FEF9770-7CD7-4F49-A074-3858F550A70F}.Release|Any CPU.ActiveCfg = Release|Any CPU
		{8FEF9770-7CD7-4F49-A074-3858F550A70F}.Release|Any CPU.Build.0 = Release|Any CPU
	EndGlobalSection
	GlobalSection(SolutionProperties) = preSolution
		HideSolutionNode = FALSE
	EndGlobalSection
	GlobalSection(ExtensibilityGlobals) = postSolution
		SolutionGuid = {76AB3DA7-7796-45FB-9E88-717101897CA8}
	EndGlobalSection
EndGlobal
